# This file is autogenerated, do not edit; changes may be undone by the next 'dep ensure'.


[[projects]]
  name = "github.com/aliyun/aliyun-oss-go-sdk"
  packages = ["oss"]
  revision = "ddc87ec2145f324f91257266e657cd7fa0ff1c8c"
  version = "1.9.1"

[[projects]]
  name = "github.com/go-ini/ini"
  packages = ["."]
  revision = "9c8236e659b76e87bf02044d06fde8683008ff3e"
  version = "v1.39.0"

[solve-meta]
  analyzer-name = "dep"
  analyzer-version = 1
  inputs-digest = "af5ba3253add1060738b1d9711f5ab22b313ac0f54cd38cece2066946b746c63"
  solver-name = "gps-cdcl"
  solver-version = 1
